// !$*UTF8*$!
{
	archiveVersion = 1;
	classes = {
	};
	objectVersion = 56;
	objects = {

/* Begin PBXBuildFile section */
		3FC1A8F12B826ECB008B8F5C /* AppDelegate.swift in Sources */ = {isa = PBXBuildFile; fileRef = 3FC1A8F02B826ECB008B8F5C /* AppDelegate.swift */; };
		3FC1A8F32B826ECB008B8F5C /* SceneDelegate.swift in Sources */ = {isa = PBXBuildFile; fileRef = 3FC1A8F22B826ECB008B8F5C /* SceneDelegate.swift */; };
		3FC1A8F52B826ECB008B8F5C /* ViewController.swift in Sources */ = {isa = PBXBuildFile; fileRef = 3FC1A8F42B826ECB008B8F5C /* ViewController.swift */; };
		3FC1A8F82B826ECB008B8F5C /* Main.storyboard in Resources */ = {isa = PBXBuildFile; fileRef = 3FC1A8F62B826ECB008B8F5C /* Main.storyboard */; };
		3FC1A8FA2B826ECE008B8F5C /* Assets.xcassets in Resources */ = {isa = PBXBuildFile; fileRef = 3FC1A8F92B826ECE008B8F5C /* Assets.xcassets */; };
		3FC1A8FD2B826ECE008B8F5C /* LaunchScreen.storyboard in Resources */ = {isa = PBXBuildFile; fileRef = 3FC1A8FB2B826ECE008B8F5C /* LaunchScreen.storyboard */; };
		3FC1A9082B826ECF008B8F5C /* MySecondAppTests.swift in Sources */ = {isa = PBXBuildFile; fileRef = 3FC1A9072B826ECF008B8F5C /* MySecondAppTests.swift */; };
		3FC1A9122B826ECF008B8F5C /* MySecondAppUITests.swift in Sources */ = {isa = PBXBuildFile; fileRef = 3FC1A9112B826ECF008B8F5C /* MySecondAppUITests.swift */; };
		3FC1A9142B826ECF008B8F5C /* MySecondAppUITestsLaunchTests.swift in Sources */ = {isa = PBXBuildFile; fileRef = 3FC1A9132B826ECF008B8F5C /* MySecondAppUITestsLaunchTests.swift */; };
/* End PBXBuildFile section */

/* Begin PBXContainerItemProxy section */
		3FC1A9042B826ECF008B8F5C /* PBXContainerItemProxy */ = {
			isa = PBXContainerItemProxy;
			containerPortal = 3FC1A8E52B826ECB008B8F5C /* Project object */;
			proxyType = 1;
			remoteGlobalIDString = 3FC1A8EC2B826ECB008B8F5C;
			remoteInfo = MySecondApp;
		};
		3FC1A90E2B826ECF008B8F5C /* PBXContainerItemProxy */ = {
			isa = PBXContainerItemProxy;
			containerPortal = 3FC1A8E52B826ECB008B8F5C /* Project object */;
			proxyType = 1;
			remoteGlobalIDString = 3FC1A8EC2B826ECB008B8F5C;
			remoteInfo = MySecondApp;
		};
/* End PBXContainerItemProxy section */

/* Begin PBXFileReference section */
		3FC1A8ED2B826ECB008B8F5C /* MySecondApp.app */ = {isa = PBXFileReference; explicitFileType = wrapper.application; includeInIndex = 0; path = MySecondApp.app; sourceTree = BUILT_PRODUCTS_DIR; };
		3FC1A8F02B826ECB008B8F5C /* AppDelegate.swift */ = {isa = PBXFileReference; lastKnownFileType = sourcecode.swift; path = AppDelegate.swift; sourceTree = "<group>"; };
		3FC1A8F22B826ECB008B8F5C /* SceneDelegate.swift */ = {isa = PBXFileReference; lastKnownFileType = sourcecode.swift; path = SceneDelegate.swift; sourceTree = "<group>"; };
		3FC1A8F42B826ECB008B8F5C /* ViewController.swift */ = {isa = PBXFileReference; lastKnownFileType = sourcecode.swift; path = ViewController.swift; sourceTree = "<group>"; };
		3FC1A8F72B826ECB008B8F5C /* Base */ = {isa = PBXFileReference; lastKnownFileType = file.storyboard; name = Base; path = Base.lproj/Main.storyboard; sourceTree = "<group>"; };
		3FC1A8F92B826ECE008B8F5C /* Assets.xcassets */ = {isa = PBXFileReference; lastKnownFileType = folder.assetcatalog; path = Assets.xcassets; sourceTree = "<group>"; };
		3FC1A8FC2B826ECE008B8F5C /* Base */ = {isa = PBXFileReference; lastKnownFileType = file.storyboard; name = Base; path = Base.lproj/LaunchScreen.storyboard; sourceTree = "<group>"; };
		3FC1A8FE2B826ECE008B8F5C /* Info.plist */ = {isa = PBXFileReference; lastKnownFileType = text.plist.xml; path = Info.plist; sourceTree = "<group>"; };
		3FC1A9032B826ECF008B8F5C /* MySecondAppTests.xctest */ = {isa = PBXFileReference; explicitFileType = wrapper.cfbundle; includeInIndex = 0; path = MySecondAppTests.xctest; sourceTree = BUILT_PRODUCTS_DIR; };
		3FC1A9072B826ECF008B8F5C /* MySecondAppTests.swift */ = {isa = PBXFileReference; lastKnownFileType = sourcecode.swift; path = MySecondAppTests.swift; sourceTree = "<group>"; };
		3FC1A90D2B826ECF008B8F5C /* MySecondAppUITests.xctest */ = {isa = PBXFileReference; explicitFileType = wrapper.cfbundle; includeInIndex = 0; path = MySecondAppUITests.xctest; sourceTree = BUILT_PRODUCTS_DIR; };
		3FC1A9112B826ECF008B8F5C /* MySecondAppUITests.swift */ = {isa = PBXFileReference; lastKnownFileType = sourcecode.swift; path = MySecondAppUITests.swift; sourceTree = "<group>"; };
		3FC1A9132B826ECF008B8F5C /* MySecondAppUITestsLaunchTests.swift */ = {isa = PBXFileReference; lastKnownFileType = sourcecode.swift; path = MySecondAppUITestsLaunchTests.swift; sourceTree = "<group>"; };
/* End PBXFileReference section */

/* Begin PBXFrameworksBuildPhase section */
		3FC1A8EA2B826ECB008B8F5C /* Frameworks */ = {
			isa = PBXFrameworksBuildPhase;
			buildActionMask = 2147483647;
			files = (
			);
			runOnlyForDeploymentPostprocessing = 0;
		};
		3FC1A9002B826ECF008B8F5C /* Frameworks */ = {
			isa = PBXFrameworksBuildPhase;
			buildActionMask = 2147483647;
			files = (
			);
			runOnlyForDeploymentPostprocessing = 0;
		};
		3FC1A90A2B826ECF008B8F5C /* Frameworks */ = {
			isa = PBXFrameworksBuildPhase;
			buildActionMask = 2147483647;
			files = (
			);
			runOnlyForDeploymentPostprocessing = 0;
		};
/* End PBXFrameworksBuildPhase section */

/* Begin PBXGroup section */
		3FC1A8E42B826ECB008B8F5C = {
			isa = PBXGroup;
			children = (
				3FC1A8EF2B826ECB008B8F5C /* MySecondApp */,
				3FC1A9062B826ECF008B8F5C /* MySecondAppTests */,
				3FC1A9102B826ECF008B8F5C /* MySecondAppUITests */,
				3FC1A8EE2B826ECB008B8F5C /* Products */,
			);
			sourceTree = "<group>";
		};
		3FC1A8EE2B826ECB008B8F5C /* Products */ = {
			isa = PBXGroup;
			children = (
				3FC1A8ED2B826ECB008B8F5C /* MySecondApp.app */,
				3FC1A9032B826ECF008B8F5C /* MySecondAppTests.xctest */,
				3FC1A90D2B826ECF008B8F5C /* MySecondAppUITests.xctest */,
			);
			name = Products;
			sourceTree = "<group>";
		};
		3FC1A8EF2B826ECB008B8F5C /* MySecondApp */ = {
			isa = PBXGroup;
			children = (
				3FC1A8F02B826ECB008B8F5C /* AppDelegate.swift */,
				3FC1A8F22B826ECB008B8F5C /* SceneDelegate.swift */,
				3FC1A8F42B826ECB008B8F5C /* ViewController.swift */,
				3FC1A8F62B826ECB008B8F5C /* Main.storyboard */,
				3FC1A8F92B826ECE008B8F5C /* Assets.xcassets */,
				3FC1A8FB2B826ECE008B8F5C /* LaunchScreen.storyboard */,
				3FC1A8FE2B826ECE008B8F5C /* Info.plist */,
			);
			path = MySecondApp;
			sourceTree = "<group>";
		};
		3FC1A9062B826ECF008B8F5C /* MySecondAppTests */ = {
			isa = PBXGroup;
			children = (
				3FC1A9072B826ECF008B8F5C /* MySecondAppTests.swift */,
			);
			path = MySecondAppTests;
			sourceTree = "<group>";
		};
		3FC1A9102B826ECF008B8F5C /* MySecondAppUITests */ = {
			isa = PBXGroup;
			children = (
				3FC1A9112B826ECF008B8F5C /* MySecondAppUITests.swift */,
				3FC1A9132B826ECF008B8F5C /* MySecondAppUITestsLaunchTests.swift */,
			);
			path = MySecondAppUITests;
			sourceTree = "<group>";
		};
/* End PBXGroup section */

/* Begin PBXNativeTarget section */
		3FC1A8EC2B826ECB008B8F5C /* MySecondApp */ = {
			isa = PBXNativeTarget;
			buildConfigurationList = 3FC1A9172B826ECF008B8F5C /* Build configuration list for PBXNativeTarget "MySecondApp" */;
			buildPhases = (
				3FC1A8E92B826ECB008B8F5C /* Sources */,
				3FC1A8EA2B826ECB008B8F5C /* Frameworks */,
				3FC1A8EB2B826ECB008B8F5C /* Resources */,
			);
			buildRules = (
			);
			dependencies = (
			);
			name = MySecondApp;
			productName = MySecondApp;
			productReference = 3FC1A8ED2B826ECB008B8F5C /* MySecondApp.app */;
			productType = "com.apple.product-type.application";
		};
		3FC1A9022B826ECF008B8F5C /* MySecondAppTests */ = {
			isa = PBXNativeTarget;
			buildConfigurationList = 3FC1A91A2B826ECF008B8F5C /* Build configuration list for PBXNativeTarget "MySecondAppTests" */;
			buildPhases = (
				3FC1A8FF2B826ECF008B8F5C /* Sources */,
				3FC1A9002B826ECF008B8F5C /* Frameworks */,
				3FC1A9012B826ECF008B8F5C /* Resources */,
			);
			buildRules = (
			);
			dependencies = (
				3FC1A9052B826ECF008B8F5C /* PBXTargetDependency */,
			);
			name = MySecondAppTests;
			productName = MySecondAppTests;
			productReference = 3FC1A9032B826ECF008B8F5C /* MySecondAppTests.xctest */;
			productType = "com.apple.product-type.bundle.unit-test";
		};
		3FC1A90C2B826ECF008B8F5C /* MySecondAppUITests */ = {
			isa = PBXNativeTarget;
			buildConfigurationList = 3FC1A91D2B826ECF008B8F5C /* Build configuration list for PBXNativeTarget "MySecondAppUITests" */;
			buildPhases = (
				3FC1A9092B826ECF008B8F5C /* Sources */,
				3FC1A90A2B826ECF008B8F5C /* Frameworks */,
				3FC1A90B2B826ECF008B8F5C /* Resources */,
			);
			buildRules = (
			);
			dependencies = (
				3FC1A90F2B826ECF008B8F5C /* PBXTargetDependency */,
			);
			name = MySecondAppUITests;
			productName = MySecondAppUITests;
			productReference = 3FC1A90D2B826ECF008B8F5C /* MySecondAppUITests.xctest */;
			productType = "com.apple.product-type.bundle.ui-testing";
		};
/* End PBXNativeTarget section */

/* Begin PBXProject section */
		3FC1A8E52B826ECB008B8F5C /* Project object */ = {
			isa = PBXProject;
			attributes = {
				BuildIndependentTargetsInParallel = 1;
				LastSwiftUpdateCheck = 1520;
				LastUpgradeCheck = 1520;
				TargetAttributes = {
					3FC1A8EC2B826ECB008B8F5C = {
						CreatedOnToolsVersion = 15.2;
					};
					3FC1A9022B826ECF008B8F5C = {
						CreatedOnToolsVersion = 15.2;
						TestTargetID = 3FC1A8EC2B826ECB008B8F5C;
					};
					3FC1A90C2B826ECF008B8F5C = {
						CreatedOnToolsVersion = 15.2;
						TestTargetID = 3FC1A8EC2B826ECB008B8F5C;
					};
				};
			};
			buildConfigurationList = 3FC1A8E82B826ECB008B8F5C /* Build configuration list for PBXProject "MySecondApp" */;
			compatibilityVersion = "Xcode 14.0";
			developmentRegion = en;
			hasScannedForEncodings = 0;
			knownRegions = (
				en,
				Base,
			);
			mainGroup = 3FC1A8E42B826ECB008B8F5C;
			productRefGroup = 3FC1A8EE2B826ECB008B8F5C /* Products */;
			projectDirPath = "";
			projectRoot = "";
			targets = (
				3FC1A8EC2B826ECB008B8F5C /* MySecondApp */,
				3FC1A9022B826ECF008B8F5C /* MySecondAppTests */,
				3FC1A90C2B826ECF008B8F5C /* MySecondAppUITests */,
			);
		};
/* End PBXProject section */

/* Begin PBXResourcesBuildPhase section */
		3FC1A8EB2B826ECB008B8F5C /* Resources */ = {
			isa = PBXResourcesBuildPhase;
			buildActionMask = 2147483647;
			files = (
				3FC1A8FD2B826ECE008B8F5C /* LaunchScreen.storyboard in Resources */,
				3FC1A8FA2B826ECE008B8F5C /* Assets.xcassets in Resources */,
				3FC1A8F82B826ECB008B8F5C /* Main.storyboard in Resources */,
			);
			runOnlyForDeploymentPostprocessing = 0;
		};
		3FC1A9012B826ECF008B8F5C /* Resources */ = {
			isa = PBXResourcesBuildPhase;
			buildActionMask = 2147483647;
			files = (
			);
			runOnlyForDeploymentPostprocessing = 0;
		};
		3FC1A90B2B826ECF008B8F5C /* Resources */ = {
			isa = PBXResourcesBuildPhase;
			buildActionMask = 2147483647;
			files = (
			);
			runOnlyForDeploymentPostprocessing = 0;
		};
/* End PBXResourcesBuildPhase section */

/* Begin PBXSourcesBuildPhase section */
		3FC1A8E92B826ECB008B8F5C /* Sources */ = {
			isa = PBXSourcesBuildPhase;
			buildActionMask = 2147483647;
			files = (
				3FC1A8F52B826ECB008B8F5C /* ViewController.swift in Sources */,
				3FC1A8F12B826ECB008B8F5C /* AppDelegate.swift in Sources */,
				3FC1A8F32B826ECB008B8F5C /* SceneDelegate.swift in Sources */,
			);
			runOnlyForDeploymentPostprocessing = 0;
		};
		3FC1A8FF2B826ECF008B8F5C /* Sources */ = {
			isa = PBXSourcesBuildPhase;
			buildActionMask = 2147483647;
			files = (
				3FC1A9082B826ECF008B8F5C /* MySecondAppTests.swift in Sources */,
			);
			runOnlyForDeploymentPostprocessing = 0;
		};
		3FC1A9092B826ECF008B8F5C /* Sources */ = {
			isa = PBXSourcesBuildPhase;
			buildActionMask = 2147483647;
			files = (
				3FC1A9142B826ECF008B8F5C /* MySecondAppUITestsLaunchTests.swift in Sources */,
				3FC1A9122B826ECF008B8F5C /* MySecondAppUITests.swift in Sources */,
			);
			runOnlyForDeploymentPostprocessing = 0;
		};
/* End PBXSourcesBuildPhase section */

/* Begin PBXTargetDependency section */
		3FC1A9052B826ECF008B8F5C /* PBXTargetDependency */ = {
			isa = PBXTargetDependency;
			target = 3FC1A8EC2B826ECB008B8F5C /* MySecondApp */;
			targetProxy = 3FC1A9042B826ECF008B8F5C /* PBXContainerItemProxy */;
		};
		3FC1A90F2B826ECF008B8F5C /* PBXTargetDependency */ = {
			isa = PBXTargetDependency;
			target = 3FC1A8EC2B826ECB008B8F5C /* MySecondApp */;
			targetProxy = 3FC1A90E2B826ECF008B8F5C /* PBXContainerItemProxy */;
		};
/* End PBXTargetDependency section */

/* Begin PBXVariantGroup section */
		3FC1A8F62B826ECB008B8F5C /* Main.storyboard */ = {
			isa = PBXVariantGroup;
			children = (
				3FC1A8F72B826ECB008B8F5C /* Base */,
			);
			name = Main.storyboard;
			sourceTree = "<group>";
		};
		3FC1A8FB2B826ECE008B8F5C /* LaunchScreen.storyboard */ = {
			isa = PBXVariantGroup;
			children = (
				3FC1A8FC2B826ECE008B8F5C /* Base */,
			);
			name = LaunchScreen.storyboard;
			sourceTree = "<group>";
		};
/* End PBXVariantGroup section */

/* Begin XCBuildConfiguration section */
		3FC1A9152B826ECF008B8F5C /* Debug */ = {
			isa = XCBuildConfiguration;
			buildSettings = {
				ALWAYS_SEARCH_USER_PATHS = NO;
				ASSETCATALOG_COMPILER_GENERATE_SWIFT_ASSET_SYMBOL_EXTENSIONS = YES;
				CLANG_ANALYZER_NONNULL = YES;
				CLANG_ANALYZER_NUMBER_OBJECT_CONVERSION = YES_AGGRESSIVE;
				CLANG_CXX_LANGUAGE_STANDARD = "gnu++20";
				CLANG_ENABLE_MODULES = YES;
				CLANG_ENABLE_OBJC_ARC = YES;
				CLANG_ENABLE_OBJC_WEAK = YES;
				CLANG_WARN_BLOCK_CAPTURE_AUTORELEASING = YES;
				CLANG_WARN_BOOL_CONVERSION = YES;
				CLANG_WARN_COMMA = YES;
				CLANG_WARN_CONSTANT_CONVERSION = YES;
				CLANG_WARN_DEPRECATED_OBJC_IMPLEMENTATIONS = YES;
				CLANG_WARN_DIRECT_OBJC_ISA_USAGE = YES_ERROR;
				CLANG_WARN_DOCUMENTATION_COMMENTS = YES;
				CLANG_WARN_EMPTY_BODY = YES;
				CLANG_WARN_ENUM_CONVERSION = YES;
				CLANG_WARN_INFINITE_RECURSION = YES;
				CLANG_WARN_INT_CONVERSION = YES;
				CLANG_WARN_NON_LITERAL_NULL_CONVERSION = YES;
				CLANG_WARN_OBJC_IMPLICIT_RETAIN_SELF = YES;
				CLANG_WARN_OBJC_LITERAL_CONVERSION = YES;
				CLANG_WARN_OBJC_ROOT_CLASS = YES_ERROR;
				CLANG_WARN_QUOTED_INCLUDE_IN_FRAMEWORK_HEADER = YES;
				CLANG_WARN_RANGE_LOOP_ANALYSIS = YES;
				CLANG_WARN_STRICT_PROTOTYPES = YES;
				CLANG_WARN_SUSPICIOUS_MOVE = YES;
				CLANG_WARN_UNGUARDED_AVAILABILITY = YES_AGGRESSIVE;
				CLANG_WARN_UNREACHABLE_CODE = YES;
				CLANG_WARN__DUPLICATE_METHOD_MATCH = YES;
				COPY_PHASE_STRIP = NO;
				DEBUG_INFORMATION_FORMAT = dwarf;
				ENABLE_STRICT_OBJC_MSGSEND = YES;
				ENABLE_TESTABILITY = YES;
				ENABLE_USER_SCRIPT_SANDBOXING = YES;
				GCC_C_LANGUAGE_STANDARD = gnu17;
				GCC_DYNAMIC_NO_PIC = NO;
				GCC_NO_COMMON_BLOCKS = YES;
				GCC_OPTIMIZATION_LEVEL = 0;
				GCC_PREPROCESSOR_DEFINITIONS = (
					"DEBUG=1",
					"$(inherited)",
				);
				GCC_WARN_64_TO_32_BIT_CONVERSION = YES;
				GCC_WARN_ABOUT_RETURN_TYPE = YES_ERROR;
				GCC_WARN_UNDECLARED_SELECTOR = YES;
				GCC_WARN_UNINITIALIZED_AUTOS = YES_AGGRESSIVE;
				GCC_WARN_UNUSED_FUNCTION = YES;
				GCC_WARN_UNUSED_VARIABLE = YES;
				IPHONEOS_DEPLOYMENT_TARGET = 17.2;
				LOCALIZATION_PREFERS_STRING_CATALOGS = YES;
				MTL_ENABLE_DEBUG_INFO = INCLUDE_SOURCE;
				MTL_FAST_MATH = YES;
				ONLY_ACTIVE_ARCH = YES;
				SDKROOT = iphoneos;
				SWIFT_ACTIVE_COMPILATION_CONDITIONS = "DEBUG $(inherited)";
				SWIFT_OPTIMIZATION_LEVEL = "-Onone";
			};
			name = Debug;
		};
		3FC1A9162B826ECF008B8F5C /* Release */ = {
			isa = XCBuildConfiguration;
			buildSettings = {
				ALWAYS_SEARCH_USER_PATHS = NO;
				ASSETCATALOG_COMPILER_GENERATE_SWIFT_ASSET_SYMBOL_EXTENSIONS = YES;
				CLANG_ANALYZER_NONNULL = YES;
				CLANG_ANALYZER_NUMBER_OBJECT_CONVERSION = YES_AGGRESSIVE;
				CLANG_CXX_LANGUAGE_STANDARD = "gnu++20";
				CLANG_ENABLE_MODULES = YES;
				CLANG_ENABLE_OBJC_ARC = YES;
				CLANG_ENABLE_OBJC_WEAK = YES;
				CLANG_WARN_BLOCK_CAPTURE_AUTORELEASING = YES;
				CLANG_WARN_BOOL_CONVERSION = YES;
				CLANG_WARN_COMMA = YES;
				CLANG_WARN_CONSTANT_CONVERSION = YES;
				CLANG_WARN_DEPRECATED_OBJC_IMPLEMENTATIONS = YES;
				CLANG_WARN_DIRECT_OBJC_ISA_USAGE = YES_ERROR;
				CLANG_WARN_DOCUMENTATION_COMMENTS = YES;
				CLANG_WARN_EMPTY_BODY = YES;
				CLANG_WARN_ENUM_CONVERSION = YES;
				CLANG_WARN_INFINITE_RECURSION = YES;
				CLANG_WARN_INT_CONVERSION = YES;
				CLANG_WARN_NON_LITERAL_NULL_CONVERSION = YES;
				CLANG_WARN_OBJC_IMPLICIT_RETAIN_SELF = YES;
				CLANG_WARN_OBJC_LITERAL_CONVERSION = YES;
				CLANG_WARN_OBJC_ROOT_CLASS = YES_ERROR;
				CLANG_WARN_QUOTED_INCLUDE_IN_FRAMEWORK_HEADER = YES;
				CLANG_WARN_RANGE_LOOP_ANALYSIS = YES;
				CLANG_WARN_STRICT_PROTOTYPES = YES;
				CLANG_WARN_SUSPICIOUS_MOVE = YES;
				CLANG_WARN_UNGUARDED_AVAILABILITY = YES_AGGRESSIVE;
				CLANG_WARN_UNREACHABLE_CODE = YES;
				CLANG_WARN__DUPLICATE_METHOD_MATCH = YES;
				COPY_PHASE_STRIP = NO;
				DEBUG_INFORMATION_FORMAT = "dwarf-with-dsym";
				ENABLE_NS_ASSERTIONS = NO;
				ENABLE_STRICT_OBJC_MSGSEND = YES;
				ENABLE_USER_SCRIPT_SANDBOXING = YES;
				GCC_C_LANGUAGE_STANDARD = gnu17;
				GCC_NO_COMMON_BLOCKS = YES;
				GCC_WARN_64_TO_32_BIT_CONVERSION = YES;
				GCC_WARN_ABOUT_RETURN_TYPE = YES_ERROR;
				GCC_WARN_UNDECLARED_SELECTOR = YES;
				GCC_WARN_UNINITIALIZED_AUTOS = YES_AGGRESSIVE;
				GCC_WARN_UNUSED_FUNCTION = YES;
				GCC_WARN_UNUSED_VARIABLE = YES;
				IPHONEOS_DEPLOYMENT_TARGET = 17.2;
				LOCALIZATION_PREFERS_STRING_CATALOGS = YES;
				MTL_ENABLE_DEBUG_INFO = NO;
				MTL_FAST_MATH = YES;
				SDKROOT = iphoneos;
				SWIFT_COMPILATION_MODE = wholemodule;
				VALIDATE_PRODUCT = YES;
			};
			name = Release;
		};
		3FC1A9182B826ECF008B8F5C /* Debug */ = {
			isa = XCBuildConfiguration;
			buildSettings = {
				ASSETCATALOG_COMPILER_APPICON_NAME = AppIcon;
				ASSETCATALOG_COMPILER_GLOBAL_ACCENT_COLOR_NAME = AccentColor;
				CODE_SIGN_STYLE = Automatic;
				CURRENT_PROJECT_VERSION = 1;
				GENERATE_INFOPLIST_FILE = YES;
				INFOPLIST_FILE = MySecondApp/Info.plist;
				INFOPLIST_KEY_UIApplicationSupportsIndirectInputEvents = YES;
				INFOPLIST_KEY_UILaunchStoryboardName = LaunchScreen;
				INFOPLIST_KEY_UIMainStoryboardFile = Main;
				INFOPLIST_KEY_UISupportedInterfaceOrientations_iPad = "UIInterfaceOrientationPortrait UIInterfaceOrientationPortraitUpsideDown UIInterfaceOrientationLandscapeLeft UIInterfaceOrientationLandscapeRight";
				INFOPLIST_KEY_UISupportedInterfaceOrientations_iPhone = "UIInterfaceOrientationPortrait UIInterfaceOrientationLandscapeLeft UIInterfaceOrientationLandscapeRight";
				LD_RUNPATH_SEARCH_PATHS = (
					"$(inherited)",
					"@executable_path/Frameworks",
				);
				MARKETING_VERSION = 1.0;
				PRODUCT_BUNDLE_IDENTIFIER = Daniel.MySecondApp;
				PRODUCT_NAME = "$(TARGET_NAME)";
				SWIFT_EMIT_LOC_STRINGS = YES;
				SWIFT_VERSION = 5.0;
				TARGETED_DEVICE_FAMILY = "1,2";
			};
			name = Debug;
		};
		3FC1A9192B826ECF008B8F5C /* Release */ = {
			isa = XCBuildConfiguration;
			buildSettings = {
				ASSETCATALOG_COMPILER_APPICON_NAME = AppIcon;
				ASSETCATALOG_COMPILER_GLOBAL_ACCENT_COLOR_NAME = AccentColor;
				CODE_SIGN_STYLE = Automatic;
				CURRENT_PROJECT_VERSION = 1;
				GENERATE_INFOPLIST_FILE = YES;
				INFOPLIST_FILE = MySecondApp/Info.plist;
				INFOPLIST_KEY_UIApplicationSupportsIndirectInputEvents = YES;
				INFOPLIST_KEY_UILaunchStoryboardName = LaunchScreen;
				INFOPLIST_KEY_UIMainStoryboardFile = Main;
				INFOPLIST_KEY_UISupportedInterfaceOrientations_iPad = "UIInterfaceOrientationPortrait UIInterfaceOrientationPortraitUpsideDown UIInterfaceOrientationLandscapeLeft UIInterfaceOrientationLandscapeRight";
				INFOPLIST_KEY_UISupportedInterfaceOrientations_iPhone = "UIInterfaceOrientationPortrait UIInterfaceOrientationLandscapeLeft UIInterfaceOrientationLandscapeRight";
				LD_RUNPATH_SEARCH_PATHS = (
					"$(inherited)",
					"@executable_path/Frameworks",
				);
				MARKETING_VERSION = 1.0;
				PRODUCT_BUNDLE_IDENTIFIER = Daniel.MySecondApp;
				PRODUCT_NAME = "$(TARGET_NAME)";
				SWIFT_EMIT_LOC_STRINGS = YES;
				SWIFT_VERSION = 5.0;
				TARGETED_DEVICE_FAMILY = "1,2";
			};
			name = Release;
		};
		3FC1A91B2B826ECF008B8F5C /* Debug */ = {
			isa = XCBuildConfiguration;
			buildSettings = {
				ALWAYS_EMBED_SWIFT_STANDARD_LIBRARIES = YES;
				BUNDLE_LOADER = "$(TEST_HOST)";
				CODE_SIGN_STYLE = Automatic;
				CURRENT_PROJECT_VERSION = 1;
				GENERATE_INFOPLIST_FILE = YES;
				IPHONEOS_DEPLOYMENT_TARGET = 17.2;
				MARKETING_VERSION = 1.0;
				PRODUCT_BUNDLE_IDENTIFIER = Daniel.MySecondAppTests;
				PRODUCT_NAME = "$(TARGET_NAME)";
				SWIFT_EMIT_LOC_STRINGS = NO;
				SWIFT_VERSION = 5.0;
				TARGETED_DEVICE_FAMILY = "1,2";
				TEST_HOST = "$(BUILT_PRODUCTS_DIR)/MySecondApp.app/$(BUNDLE_EXECUTABLE_FOLDER_PATH)/MySecondApp";
			};
			name = Debug;
		};
		3FC1A91C2B826ECF008B8F5C /* Release */ = {
			isa = XCBuildConfiguration;
			buildSettings = {
				ALWAYS_EMBED_SWIFT_STANDARD_LIBRARIES = YES;
				BUNDLE_LOADER = "$(TEST_HOST)";
				CODE_SIGN_STYLE = Automatic;
				CURRENT_PROJECT_VERSION = 1;
				GENERATE_INFOPLIST_FILE = YES;
				IPHONEOS_DEPLOYMENT_TARGET = 17.2;
				MARKETING_VERSION = 1.0;
				PRODUCT_BUNDLE_IDENTIFIER = Daniel.MySecondAppTests;
				PRODUCT_NAME = "$(TARGET_NAME)";
				SWIFT_EMIT_LOC_STRINGS = NO;
				SWIFT_VERSION = 5.0;
				TARGETED_DEVICE_FAMILY = "1,2";
				TEST_HOST = "$(BUILT_PRODUCTS_DIR)/MySecondApp.app/$(BUNDLE_EXECUTABLE_FOLDER_PATH)/MySecondApp";
			};
			name = Release;
		};
		3FC1A91E2B826ECF008B8F5C /* Debug */ = {
			isa = XCBuildConfiguration;
			buildSettings = {
				ALWAYS_EMBED_SWIFT_STANDARD_LIBRARIES = YES;
				CODE_SIGN_STYLE = Automatic;
				CURRENT_PROJECT_VERSION = 1;
				GENERATE_INFOPLIST_FILE = YES;
				MARKETING_VERSION = 1.0;
				PRODUCT_BUNDLE_IDENTIFIER = Daniel.MySecondAppUITests;
				PRODUCT_NAME = "$(TARGET_NAME)";
				SWIFT_EMIT_LOC_STRINGS = NO;
				SWIFT_VERSION = 5.0;
				TARGETED_DEVICE_FAMILY = "1,2";
				TEST_TARGET_NAME = MySecondApp;
			};
			name = Debug;
		};
		3FC1A91F2B826ECF008B8F5C /* Release */ = {
			isa = XCBuildConfiguration;
			buildSettings = {
				ALWAYS_EMBED_SWIFT_STANDARD_LIBRARIES = YES;
				CODE_SIGN_STYLE = Automatic;
				CURRENT_PROJECT_VERSION = 1;
				GENERATE_INFOPLIST_FILE = YES;
				MARKETING_VERSION = 1.0;
				PRODUCT_BUNDLE_IDENTIFIER = Daniel.MySecondAppUITests;
				PRODUCT_NAME = "$(TARGET_NAME)";
				SWIFT_EMIT_LOC_STRINGS = NO;
				SWIFT_VERSION = 5.0;
				TARGETED_DEVICE_FAMILY = "1,2";
				TEST_TARGET_NAME = MySecondApp;
			};
			name = Release;
		};
/* End XCBuildConfiguration section */

/* Begin XCConfigurationList section */
		3FC1A8E82B826ECB008B8F5C /* Build configuration list for PBXProject "MySecondApp" */ = {
			isa = XCConfigurationList;
			buildConfigurations = (
				3FC1A9152B826ECF008B8F5C /* Debug */,
				3FC1A9162B826ECF008B8F5C /* Release */,
			);
			defaultConfigurationIsVisible = 0;
			defaultConfigurationName = Release;
		};
		3FC1A9172B826ECF008B8F5C /* Build configuration list for PBXNativeTarget "MySecondApp" */ = {
			isa = XCConfigurationList;
			buildConfigurations = (
				3FC1A9182B826ECF008B8F5C /* Debug */,
				3FC1A9192B826ECF008B8F5C /* Release */,
			);
			defaultConfigurationIsVisible = 0;
			defaultConfigurationName = Release;
		};
		3FC1A91A2B826ECF008B8F5C /* Build configuration list for PBXNativeTarget "MySecondAppTests" */ = {
			isa = XCConfigurationList;
			buildConfigurations = (
				3FC1A91B2B826ECF008B8F5C /* Debug */,
				3FC1A91C2B826ECF008B8F5C /* Release */,
			);
			defaultConfigurationIsVisible = 0;
			defaultConfigurationName = Release;
		};
		3FC1A91D2B826ECF008B8F5C /* Build configuration list for PBXNativeTarget "MySecondAppUITests" */ = {
			isa = XCConfigurationList;
			buildConfigurations = (
				3FC1A91E2B826ECF008B8F5C /* Debug */,
				3FC1A91F2B826ECF008B8F5C /* Release */,
			);
			defaultConfigurationIsVisible = 0;
			defaultConfigurationName = Release;
		};
/* End XCConfigurationList section */
	};
	rootObject = 3FC1A8E52B826ECB008B8F5C /* Project object */;
}
